
Microsoft Visual Studio Solution File, Format Version 12.00
# Visual Studio Version 16
VisualStudioVersion = 16.0.32228.343
MinimumVisualStudioVersion = 10.0.40219.1
Project("{9A19103F-16F7-4668-BE54-9A1E7A4F7556}") = "WSVenta", "WSVenta\WSVenta.csproj", "{4DA20EFA-C999-4B6A-958D-2B54C435D28F}"
EndProject
Global
	GlobalSection(SolutionConfigurationPlatforms) = preSolution
		Debug|Any CPU = Debug|Any CPU
		Release|Any CPU = Release|Any CPU
	EndGlobalSection
	GlobalSection(ProjectConfigurationPlatforms) = postSolution
		{4DA20EFA-C999-4B6A-958D-2B54C435D28F}.Debug|Any CPU.ActiveCfg = Debug|Any CPU
		{4DA20EFA-C999-4B6A-958D-2B54C435D28F}.Debug|Any CPU.Build.0 = Debug|Any CPU
		{4DA20EFA-C999-4B6A-958D-2B54C435D28F}.Release|Any CPU.ActiveCfg = Release|Any CPU
		{4DA20EFA-C999-4B6A-958D-2B54C435D28F}.Release|Any CPU.Build.0 = Release|Any CPU
	EndGlobalSection
	GlobalSection(SolutionProperties) = preSolution
		HideSolutionNode = FALSE
	EndGlobalSection
	GlobalSection(ExtensibilityGlobals) = postSolution
		SolutionGuid = {03DE2F0F-482A-4E15-9822-09F7A878B939}
	EndGlobalSection
EndGlobal
